// !$*UTF8*$!
{
	archiveVersion = 1;
	classes = {
	};
	objectVersion = 50;
	objects = {

/* Begin PBXBuildFile section */
		04245BCA21F9C0040018E827 /* TodayItemCell.xib in Resources */ = {isa = PBXBuildFile; fileRef = 04245BC721F9C0040018E827 /* TodayItemCell.xib */; };
		04245BCB21F9C0040018E827 /* TodayItemCell.m in Sources */ = {isa = PBXBuildFile; fileRef = 04245BC821F9C0040018E827 /* TodayItemCell.m */; };
		04245BCD21F9C5130018E827 /* MainInterface.storyboard in Resources */ = {isa = PBXBuildFile; fileRef = 04245BCC21F9C5130018E827 /* MainInterface.storyboard */; };
		04245BCE21F9C62A0018E827 /* Assets.xcassets in Resources */ = {isa = PBXBuildFile; fileRef = 04D7068D21F9A3710024EDD0 /* Assets.xcassets */; };
		04245BD921FAF48C0018E827 /* ShareViewController.m in Sources */ = {isa = PBXBuildFile; fileRef = 04245BD821FAF48C0018E827 /* ShareViewController.m */; };
		04245BDC21FAF48C0018E827 /* MainInterface.storyboard in Resources */ = {isa = PBXBuildFile; fileRef = 04245BDA21FAF48C0018E827 /* MainInterface.storyboard */; };
		04245BE021FAF48C0018E827 /* shareExtension.appex in Embed App Extensions */ = {isa = PBXBuildFile; fileRef = 04245BD521FAF48C0018E827 /* shareExtension.appex */; settings = {ATTRIBUTES = (RemoveHeadersOnCopy, ); }; };
		04D7068621F9A3700024EDD0 /* AppDelegate.m in Sources */ = {isa = PBXBuildFile; fileRef = 04D7068521F9A3700024EDD0 /* AppDelegate.m */; };
		04D7068921F9A3700024EDD0 /* ViewController.m in Sources */ = {isa = PBXBuildFile; fileRef = 04D7068821F9A3700024EDD0 /* ViewController.m */; };
		04D7068C21F9A3700024EDD0 /* Main.storyboard in Resources */ = {isa = PBXBuildFile; fileRef = 04D7068A21F9A3700024EDD0 /* Main.storyboard */; };
		04D7068E21F9A3710024EDD0 /* Assets.xcassets in Resources */ = {isa = PBXBuildFile; fileRef = 04D7068D21F9A3710024EDD0 /* Assets.xcassets */; };
		04D7069121F9A3710024EDD0 /* LaunchScreen.storyboard in Resources */ = {isa = PBXBuildFile; fileRef = 04D7068F21F9A3710024EDD0 /* LaunchScreen.storyboard */; };
		04D7069421F9A3710024EDD0 /* main.m in Sources */ = {isa = PBXBuildFile; fileRef = 04D7069321F9A3710024EDD0 /* main.m */; };
		04D7069E21F9A3720024EDD0 /* KNTodayExtensionDemoTests.m in Sources */ = {isa = PBXBuildFile; fileRef = 04D7069D21F9A3720024EDD0 /* KNTodayExtensionDemoTests.m */; };
		04D706A921F9A3720024EDD0 /* KNTodayExtensionDemoUITests.m in Sources */ = {isa = PBXBuildFile; fileRef = 04D706A821F9A3720024EDD0 /* KNTodayExtensionDemoUITests.m */; };
		04D706BD21F9A37F0024EDD0 /* NotificationCenter.framework in Frameworks */ = {isa = PBXBuildFile; fileRef = 04D706BC21F9A37F0024EDD0 /* NotificationCenter.framework */; };
		04D706C121F9A37F0024EDD0 /* TodayViewController.m in Sources */ = {isa = PBXBuildFile; fileRef = 04D706C021F9A37F0024EDD0 /* TodayViewController.m */; };
		04D706C821F9A37F0024EDD0 /* TodayExtensionDemo.appex in Embed App Extensions */ = {isa = PBXBuildFile; fileRef = 04D706BA21F9A37F0024EDD0 /* TodayExtensionDemo.appex */; settings = {ATTRIBUTES = (RemoveHeadersOnCopy, ); }; };
		04D706D021F9B75F0024EDD0 /* KNTodayItemModel.m in Sources */ = {isa = PBXBuildFile; fileRef = 04D706CF21F9B75F0024EDD0 /* KNTodayItemModel.m */; };
		04D706D121F9B75F0024EDD0 /* KNTodayItemModel.m in Sources */ = {isa = PBXBuildFile; fileRef = 04D706CF21F9B75F0024EDD0 /* KNTodayItemModel.m */; };
		5E3D38E8780E65249B1553FF /* libPods-TodayExtensionDemo.a in Frameworks */ = {isa = PBXBuildFile; fileRef = CF81AC9FF5C90EA4CAE227AD /* libPods-TodayExtensionDemo.a */; };
		5E4922D30F9AD88C8DD33061 /* libPods-KNTodayExtensionDemoUITests.a in Frameworks */ = {isa = PBXBuildFile; fileRef = 7702D3751BF659FC2BCB02B0 /* libPods-KNTodayExtensionDemoUITests.a */; };
		7D09EA1B66B7A577F7A9920F /* libPods-KNTodayExtensionDemo.a in Frameworks */ = {isa = PBXBuildFile; fileRef = CC3477E1B7EBF555E89609CB /* libPods-KNTodayExtensionDemo.a */; };
		E84B78552B5E6E4AA9C408ED /* libPods-KNTodayExtensionDemoTests.a in Frameworks */ = {isa = PBXBuildFile; fileRef = 4D91075ACA29C5E6960D8DAC /* libPods-KNTodayExtensionDemoTests.a */; };
/* End PBXBuildFile section */

/* Begin PBXContainerItemProxy section */
		04245BDE21FAF48C0018E827 /* PBXContainerItemProxy */ = {
			isa = PBXContainerItemProxy;
			containerPortal = 04D7067921F9A3700024EDD0 /* Project object */;
			proxyType = 1;
			remoteGlobalIDString = 04245BD421FAF48C0018E827;
			remoteInfo = shareExtension;
		};
		04D7069A21F9A3720024EDD0 /* PBXContainerItemProxy */ = {
			isa = PBXContainerItemProxy;
			containerPortal = 04D7067921F9A3700024EDD0 /* Project object */;
			proxyType = 1;
			remoteGlobalIDString = 04D7068021F9A3700024EDD0;
			remoteInfo = KNTodayExtensionDemo;
		};
		04D706A521F9A3720024EDD0 /* PBXContainerItemProxy */ = {
			isa = PBXContainerItemProxy;
			containerPortal = 04D7067921F9A3700024EDD0 /* Project object */;
			proxyType = 1;
			remoteGlobalIDString = 04D7068021F9A3700024EDD0;
			remoteInfo = KNTodayExtensionDemo;
		};
		04D706C621F9A37F0024EDD0 /* PBXContainerItemProxy */ = {
			isa = PBXContainerItemProxy;
			containerPortal = 04D7067921F9A3700024EDD0 /* Project object */;
			proxyType = 1;
			remoteGlobalIDString = 04D706B921F9A37F0024EDD0;
			remoteInfo = TodayExtensionDemo;
		};
/* End PBXContainerItemProxy section */

/* Begin PBXCopyFilesBuildPhase section */
		04D706CC21F9A37F0024EDD0 /* Embed App Extensions */ = {
			isa = PBXCopyFilesBuildPhase;
			buildActionMask = 2147483647;
			dstPath = "";
			dstSubfolderSpec = 13;
			files = (
				04245BE021FAF48C0018E827 /* shareExtension.appex in Embed App Extensions */,
				04D706C821F9A37F0024EDD0 /* TodayExtensionDemo.appex in Embed App Extensions */,
			);
			name = "Embed App Extensions";
			runOnlyForDeploymentPostprocessing = 0;
		};
/* End PBXCopyFilesBuildPhase section */

/* Begin PBXFileReference section */
		04245BC721F9C0040018E827 /* TodayItemCell.xib */ = {isa = PBXFileReference; fileEncoding = 4; lastKnownFileType = file.xib; name = TodayItemCell.xib; path = ../../../github/TodayExtension/TodayExtentsion/TodayItemCell.xib; sourceTree = "<group>"; };
		04245BC821F9C0040018E827 /* TodayItemCell.m */ = {isa = PBXFileReference; fileEncoding = 4; lastKnownFileType = sourcecode.c.objc; path = TodayItemCell.m; sourceTree = "<group>"; };
		04245BC921F9C0040018E827 /* TodayItemCell.h */ = {isa = PBXFileReference; fileEncoding = 4; lastKnownFileType = sourcecode.c.h; name = TodayItemCell.h; path = ../../../github/TodayExtension/TodayExtentsion/TodayItemCell.h; sourceTree = "<group>"; };
		04245BCC21F9C5130018E827 /* MainInterface.storyboard */ = {isa = PBXFileReference; fileEncoding = 4; lastKnownFileType = file.storyboard; path = MainInterface.storyboard; sourceTree = "<group>"; };
		04245BCF21FAB50E0018E827 /* KNTodayExtensionDemo.entitlements */ = {isa = PBXFileReference; lastKnownFileType = text.plist.entitlements; path = KNTodayExtensionDemo.entitlements; sourceTree = "<group>"; };
		04245BD021FAB5330018E827 /* TodayExtensionDemo.entitlements */ = {isa = PBXFileReference; lastKnownFileType = text.plist.entitlements; path = TodayExtensionDemo.entitlements; sourceTree = "<group>"; };
		04245BD521FAF48C0018E827 /* shareExtension.appex */ = {isa = PBXFileReference; explicitFileType = "wrapper.app-extension"; includeInIndex = 0; path = shareExtension.appex; sourceTree = BUILT_PRODUCTS_DIR; };
		04245BD721FAF48C0018E827 /* ShareViewController.h */ = {isa = PBXFileReference; lastKnownFileType = sourcecode.c.h; path = ShareViewController.h; sourceTree = "<group>"; };
		04245BD821FAF48C0018E827 /* ShareViewController.m */ = {isa = PBXFileReference; lastKnownFileType = sourcecode.c.objc; path = ShareViewController.m; sourceTree = "<group>"; };
		04245BDB21FAF48C0018E827 /* Base */ = {isa = PBXFileReference; lastKnownFileType = file.storyboard; name = Base; path = Base.lproj/MainInterface.storyboard; sourceTree = "<group>"; };
		04245BDD21FAF48C0018E827 /* Info.plist */ = {isa = PBXFileReference; lastKnownFileType = text.plist.xml; path = Info.plist; sourceTree = "<group>"; };
		04D7068121F9A3700024EDD0 /* KNTodayExtensionDemo.app */ = {isa = PBXFileReference; explicitFileType = wrapper.application; includeInIndex = 0; path = KNTodayExtensionDemo.app; sourceTree = BUILT_PRODUCTS_DIR; };
		04D7068421F9A3700024EDD0 /* AppDelegate.h */ = {isa = PBXFileReference; lastKnownFileType = sourcecode.c.h; path = AppDelegate.h; sourceTree = "<group>"; };
		04D7068521F9A3700024EDD0 /* AppDelegate.m */ = {isa = PBXFileReference; lastKnownFileType = sourcecode.c.objc; path = AppDelegate.m; sourceTree = "<group>"; };
		04D7068721F9A3700024EDD0 /* ViewController.h */ = {isa = PBXFileReference; lastKnownFileType = sourcecode.c.h; path = ViewController.h; sourceTree = "<group>"; };
		04D7068821F9A3700024EDD0 /* ViewController.m */ = {isa = PBXFileReference; lastKnownFileType = sourcecode.c.objc; path = ViewController.m; sourceTree = "<group>"; };
		04D7068B21F9A3700024EDD0 /* Base */ = {isa = PBXFileReference; lastKnownFileType = file.storyboard; name = Base; path = Base.lproj/Main.storyboard; sourceTree = "<group>"; };
		04D7068D21F9A3710024EDD0 /* Assets.xcassets */ = {isa = PBXFileReference; lastKnownFileType = folder.assetcatalog; path = Assets.xcassets; sourceTree = "<group>"; };
		04D7069021F9A3710024EDD0 /* Base */ = {isa = PBXFileReference; lastKnownFileType = file.storyboard; name = Base; path = Base.lproj/LaunchScreen.storyboard; sourceTree = "<group>"; };
		04D7069221F9A3710024EDD0 /* Info.plist */ = {isa = PBXFileReference; lastKnownFileType = text.plist.xml; path = Info.plist; sourceTree = "<group>"; };
		04D7069321F9A3710024EDD0 /* main.m */ = {isa = PBXFileReference; lastKnownFileType = sourcecode.c.objc; path = main.m; sourceTree = "<group>"; };
		04D7069921F9A3720024EDD0 /* KNTodayExtensionDemoTests.xctest */ = {isa = PBXFileReference; explicitFileType = wrapper.cfbundle; includeInIndex = 0; path = KNTodayExtensionDemoTests.xctest; sourceTree = BUILT_PRODUCTS_DIR; };
		04D7069D21F9A3720024EDD0 /* KNTodayExtensionDemoTests.m */ = {isa = PBXFileReference; lastKnownFileType = sourcecode.c.objc; path = KNTodayExtensionDemoTests.m; sourceTree = "<group>"; };
		04D7069F21F9A3720024EDD0 /* Info.plist */ = {isa = PBXFileReference; lastKnownFileType = text.plist.xml; path = Info.plist; sourceTree = "<group>"; };
		04D706A421F9A3720024EDD0 /* KNTodayExtensionDemoUITests.xctest */ = {isa = PBXFileReference; explicitFileType = wrapper.cfbundle; includeInIndex = 0; path = KNTodayExtensionDemoUITests.xctest; sourceTree = BUILT_PRODUCTS_DIR; };
		04D706A821F9A3720024EDD0 /* KNTodayExtensionDemoUITests.m */ = {isa = PBXFileReference; lastKnownFileType = sourcecode.c.objc; path = KNTodayExtensionDemoUITests.m; sourceTree = "<group>"; };
		04D706AA21F9A3720024EDD0 /* Info.plist */ = {isa = PBXFileReference; lastKnownFileType = text.plist.xml; path = Info.plist; sourceTree = "<group>"; };
		04D706BA21F9A37F0024EDD0 /* TodayExtensionDemo.appex */ = {isa = PBXFileReference; explicitFileType = "wrapper.app-extension"; includeInIndex = 0; path = TodayExtensionDemo.appex; sourceTree = BUILT_PRODUCTS_DIR; };
		04D706BC21F9A37F0024EDD0 /* NotificationCenter.framework */ = {isa = PBXFileReference; lastKnownFileType = wrapper.framework; name = NotificationCenter.framework; path = System/Library/Frameworks/NotificationCenter.framework; sourceTree = SDKROOT; };
		04D706BF21F9A37F0024EDD0 /* TodayViewController.h */ = {isa = PBXFileReference; lastKnownFileType = sourcecode.c.h; path = TodayViewController.h; sourceTree = "<group>"; };
		04D706C021F9A37F0024EDD0 /* TodayViewController.m */ = {isa = PBXFileReference; lastKnownFileType = sourcecode.c.objc; path = TodayViewController.m; sourceTree = "<group>"; };
		04D706C521F9A37F0024EDD0 /* Info.plist */ = {isa = PBXFileReference; lastKnownFileType = text.plist.xml; path = Info.plist; sourceTree = "<group>"; };
		04D706CE21F9B75F0024EDD0 /* KNTodayItemModel.h */ = {isa = PBXFileReference; lastKnownFileType = sourcecode.c.h; path = KNTodayItemModel.h; sourceTree = "<group>"; };
		04D706CF21F9B75F0024EDD0 /* KNTodayItemModel.m */ = {isa = PBXFileReference; lastKnownFileType = sourcecode.c.objc; path = KNTodayItemModel.m; sourceTree = "<group>"; };
		1AEF27A21C018F4C6B813A21 /* Pods-TodayExtensionDemo.debug.xcconfig */ = {isa = PBXFileReference; includeInIndex = 1; lastKnownFileType = text.xcconfig; name = "Pods-TodayExtensionDemo.debug.xcconfig"; path = "Pods/Target Support Files/Pods-TodayExtensionDemo/Pods-TodayExtensionDemo.debug.xcconfig"; sourceTree = "<group>"; };
		22873A7DE592E46C7A468AC3 /* Pods-KNTodayExtensionDemoUITests.release.xcconfig */ = {isa = PBXFileReference; includeInIndex = 1; lastKnownFileType = text.xcconfig; name = "Pods-KNTodayExtensionDemoUITests.release.xcconfig"; path = "Pods/Target Support Files/Pods-KNTodayExtensionDemoUITests/Pods-KNTodayExtensionDemoUITests.release.xcconfig"; sourceTree = "<group>"; };
		4D91075ACA29C5E6960D8DAC /* libPods-KNTodayExtensionDemoTests.a */ = {isa = PBXFileReference; explicitFileType = archive.ar; includeInIndex = 0; path = "libPods-KNTodayExtensionDemoTests.a"; sourceTree = BUILT_PRODUCTS_DIR; };
		6EC5CE1C2D60F99C7B427F9C /* Pods-KNTodayExtensionDemoUITests.debug.xcconfig */ = {isa = PBXFileReference; includeInIndex = 1; lastKnownFileType = text.xcconfig; name = "Pods-KNTodayExtensionDemoUITests.debug.xcconfig"; path = "Pods/Target Support Files/Pods-KNTodayExtensionDemoUITests/Pods-KNTodayExtensionDemoUITests.debug.xcconfig"; sourceTree = "<group>"; };
		7702D3751BF659FC2BCB02B0 /* libPods-KNTodayExtensionDemoUITests.a */ = {isa = PBXFileReference; explicitFileType = archive.ar; includeInIndex = 0; path = "libPods-KNTodayExtensionDemoUITests.a"; sourceTree = BUILT_PRODUCTS_DIR; };
		9D42509B47BA60F4F21CC6F0 /* Pods-KNTodayExtensionDemoTests.debug.xcconfig */ = {isa = PBXFileReference; includeInIndex = 1; lastKnownFileType = text.xcconfig; name = "Pods-KNTodayExtensionDemoTests.debug.xcconfig"; path = "Pods/Target Support Files/Pods-KNTodayExtensionDemoTests/Pods-KNTodayExtensionDemoTests.debug.xcconfig"; sourceTree = "<group>"; };
		BCDD1207349006A30C942641 /* Pods-KNTodayExtensionDemoTests.release.xcconfig */ = {isa = PBXFileReference; includeInIndex = 1; lastKnownFileType = text.xcconfig; name = "Pods-KNTodayExtensionDemoTests.release.xcconfig"; path = "Pods/Target Support Files/Pods-KNTodayExtensionDemoTests/Pods-KNTodayExtensionDemoTests.release.xcconfig"; sourceTree = "<group>"; };
		BD225834784FDC9692E41596 /* Pods-KNTodayExtensionDemo.release.xcconfig */ = {isa = PBXFileReference; includeInIndex = 1; lastKnownFileType = text.xcconfig; name = "Pods-KNTodayExtensionDemo.release.xcconfig"; path = "Pods/Target Support Files/Pods-KNTodayExtensionDemo/Pods-KNTodayExtensionDemo.release.xcconfig"; sourceTree = "<group>"; };
		CC3477E1B7EBF555E89609CB /* libPods-KNTodayExtensionDemo.a */ = {isa = PBXFileReference; explicitFileType = archive.ar; includeInIndex = 0; path = "libPods-KNTodayExtensionDemo.a"; sourceTree = BUILT_PRODUCTS_DIR; };
		CF81AC9FF5C90EA4CAE227AD /* libPods-TodayExtensionDemo.a */ = {isa = PBXFileReference; explicitFileType = archive.ar; includeInIndex = 0; path = "libPods-TodayExtensionDemo.a"; sourceTree = BUILT_PRODUCTS_DIR; };
		D91D670E83144BD593B464D0 /* Pods-KNTodayExtensionDemo.debug.xcconfig */ = {isa = PBXFileReference; includeInIndex = 1; lastKnownFileType = text.xcconfig; name = "Pods-KNTodayExtensionDemo.debug.xcconfig"; path = "Pods/Target Support Files/Pods-KNTodayExtensionDemo/Pods-KNTodayExtensionDemo.debug.xcconfig"; sourceTree = "<group>"; };
		FA2FD102DB4913A854DB0613 /* Pods-TodayExtensionDemo.release.xcconfig */ = {isa = PBXFileReference; includeInIndex = 1; lastKnownFileType = text.xcconfig; name = "Pods-TodayExtensionDemo.release.xcconfig"; path = "Pods/Target Support Files/Pods-TodayExtensionDemo/Pods-TodayExtensionDemo.release.xcconfig"; sourceTree = "<group>"; };
/* End PBXFileReference section */

/* Begin PBXFrameworksBuildPhase section */
		04245BD221FAF48C0018E827 /* Frameworks */ = {
			isa = PBXFrameworksBuildPhase;
			buildActionMask = 2147483647;
			files = (
			);
			runOnlyForDeploymentPostprocessing = 0;
		};
		04D7067E21F9A3700024EDD0 /* Frameworks */ = {
			isa = PBXFrameworksBuildPhase;
			buildActionMask = 2147483647;
			files = (
				7D09EA1B66B7A577F7A9920F /* libPods-KNTodayExtensionDemo.a in Frameworks */,
			);
			runOnlyForDeploymentPostprocessing = 0;
		};
		04D7069621F9A3720024EDD0 /* Frameworks */ = {
			isa = PBXFrameworksBuildPhase;
			buildActionMask = 2147483647;
			files = (
				E84B78552B5E6E4AA9C408ED /* libPods-KNTodayExtensionDemoTests.a in Frameworks */,
			);
			runOnlyForDeploymentPostprocessing = 0;
		};
		04D706A121F9A3720024EDD0 /* Frameworks */ = {
			isa = PBXFrameworksBuildPhase;
			buildActionMask = 2147483647;
			files = (
				5E4922D30F9AD88C8DD33061 /* libPods-KNTodayExtensionDemoUITests.a in Frameworks */,
			);
			runOnlyForDeploymentPostprocessing = 0;
		};
		04D706B721F9A37F0024EDD0 /* Frameworks */ = {
			isa = PBXFrameworksBuildPhase;
			buildActionMask = 2147483647;
			files = (
				04D706BD21F9A37F0024EDD0 /* NotificationCenter.framework in Frameworks */,
				5E3D38E8780E65249B1553FF /* libPods-TodayExtensionDemo.a in Frameworks */,
			);
			runOnlyForDeploymentPostprocessing = 0;
		};
/* End PBXFrameworksBuildPhase section */

/* Begin PBXGroup section */
		04245BD621FAF48C0018E827 /* shareExtension */ = {
			isa = PBXGroup;
			children = (
				04245BD721FAF48C0018E827 /* ShareViewController.h */,
				04245BD821FAF48C0018E827 /* ShareViewController.m */,
				04245BDA21FAF48C0018E827 /* MainInterface.storyboard */,
				04245BDD21FAF48C0018E827 /* Info.plist */,
			);
			path = shareExtension;
			sourceTree = "<group>";
		};
		04D7067821F9A3700024EDD0 = {
			isa = PBXGroup;
			children = (
				04D7068321F9A3700024EDD0 /* KNTodayExtensionDemo */,
				04D7069C21F9A3720024EDD0 /* KNTodayExtensionDemoTests */,
				04D706A721F9A3720024EDD0 /* KNTodayExtensionDemoUITests */,
				04D706BE21F9A37F0024EDD0 /* TodayExtensionDemo */,
				04245BD621FAF48C0018E827 /* shareExtension */,
				04D706BB21F9A37F0024EDD0 /* Frameworks */,
				04D7068221F9A3700024EDD0 /* Products */,
				C3038B77571F664C801D3635 /* Pods */,
			);
			sourceTree = "<group>";
		};
		04D7068221F9A3700024EDD0 /* Products */ = {
			isa = PBXGroup;
			children = (
				04D7068121F9A3700024EDD0 /* KNTodayExtensionDemo.app */,
				04D7069921F9A3720024EDD0 /* KNTodayExtensionDemoTests.xctest */,
				04D706A421F9A3720024EDD0 /* KNTodayExtensionDemoUITests.xctest */,
				04D706BA21F9A37F0024EDD0 /* TodayExtensionDemo.appex */,
				04245BD521FAF48C0018E827 /* shareExtension.appex */,
			);
			name = Products;
			sourceTree = "<group>";
		};
		04D7068321F9A3700024EDD0 /* KNTodayExtensionDemo */ = {
			isa = PBXGroup;
			children = (
				04245BCF21FAB50E0018E827 /* KNTodayExtensionDemo.entitlements */,
				04D706CD21F9B7410024EDD0 /* model */,
				04D7068421F9A3700024EDD0 /* AppDelegate.h */,
				04D7068521F9A3700024EDD0 /* AppDelegate.m */,
				04D7068721F9A3700024EDD0 /* ViewController.h */,
				04D7068821F9A3700024EDD0 /* ViewController.m */,
				04D7068A21F9A3700024EDD0 /* Main.storyboard */,
				04D7068D21F9A3710024EDD0 /* Assets.xcassets */,
				04D7068F21F9A3710024EDD0 /* LaunchScreen.storyboard */,
				04D7069221F9A3710024EDD0 /* Info.plist */,
				04D7069321F9A3710024EDD0 /* main.m */,
			);
			path = KNTodayExtensionDemo;
			sourceTree = "<group>";
		};
		04D7069C21F9A3720024EDD0 /* KNTodayExtensionDemoTests */ = {
			isa = PBXGroup;
			children = (
				04D7069D21F9A3720024EDD0 /* KNTodayExtensionDemoTests.m */,
				04D7069F21F9A3720024EDD0 /* Info.plist */,
			);
			path = KNTodayExtensionDemoTests;
			sourceTree = "<group>";
		};
		04D706A721F9A3720024EDD0 /* KNTodayExtensionDemoUITests */ = {
			isa = PBXGroup;
			children = (
				04D706A821F9A3720024EDD0 /* KNTodayExtensionDemoUITests.m */,
				04D706AA21F9A3720024EDD0 /* Info.plist */,
			);
			path = KNTodayExtensionDemoUITests;
			sourceTree = "<group>";
		};
		04D706BB21F9A37F0024EDD0 /* Frameworks */ = {
			isa = PBXGroup;
			children = (
				04D706BC21F9A37F0024EDD0 /* NotificationCenter.framework */,
				CC3477E1B7EBF555E89609CB /* libPods-KNTodayExtensionDemo.a */,
				4D91075ACA29C5E6960D8DAC /* libPods-KNTodayExtensionDemoTests.a */,
				7702D3751BF659FC2BCB02B0 /* libPods-KNTodayExtensionDemoUITests.a */,
				CF81AC9FF5C90EA4CAE227AD /* libPods-TodayExtensionDemo.a */,
			);
			name = Frameworks;
			sourceTree = "<group>";
		};
		04D706BE21F9A37F0024EDD0 /* TodayExtensionDemo */ = {
			isa = PBXGroup;
			children = (
				04245BD021FAB5330018E827 /* TodayExtensionDemo.entitlements */,
				04D706BF21F9A37F0024EDD0 /* TodayViewController.h */,
				04D706C021F9A37F0024EDD0 /* TodayViewController.m */,
				04245BC921F9C0040018E827 /* TodayItemCell.h */,
				04245BC821F9C0040018E827 /* TodayItemCell.m */,
				04245BCC21F9C5130018E827 /* MainInterface.storyboard */,
				04245BC721F9C0040018E827 /* TodayItemCell.xib */,
				04D706C521F9A37F0024EDD0 /* Info.plist */,
			);
			path = TodayExtensionDemo;
			sourceTree = "<group>";
		};
		04D706CD21F9B7410024EDD0 /* model */ = {
			isa = PBXGroup;
			children = (
				04D706CE21F9B75F0024EDD0 /* KNTodayItemModel.h */,
				04D706CF21F9B75F0024EDD0 /* KNTodayItemModel.m */,
			);
			path = model;
			sourceTree = "<group>";
		};
		C3038B77571F664C801D3635 /* Pods */ = {
			isa = PBXGroup;
			children = (
				D91D670E83144BD593B464D0 /* Pods-KNTodayExtensionDemo.debug.xcconfig */,
				BD225834784FDC9692E41596 /* Pods-KNTodayExtensionDemo.release.xcconfig */,
				9D42509B47BA60F4F21CC6F0 /* Pods-KNTodayExtensionDemoTests.debug.xcconfig */,
				BCDD1207349006A30C942641 /* Pods-KNTodayExtensionDemoTests.release.xcconfig */,
				6EC5CE1C2D60F99C7B427F9C /* Pods-KNTodayExtensionDemoUITests.debug.xcconfig */,
				22873A7DE592E46C7A468AC3 /* Pods-KNTodayExtensionDemoUITests.release.xcconfig */,
				1AEF27A21C018F4C6B813A21 /* Pods-TodayExtensionDemo.debug.xcconfig */,
				FA2FD102DB4913A854DB0613 /* Pods-TodayExtensionDemo.release.xcconfig */,
			);
			name = Pods;
			sourceTree = "<group>";
		};
/* End PBXGroup section */

/* Begin PBXNativeTarget section */
		04245BD421FAF48C0018E827 /* shareExtension */ = {
			isa = PBXNativeTarget;
			buildConfigurationList = 04245BE321FAF48C0018E827 /* Build configuration list for PBXNativeTarget "shareExtension" */;
			buildPhases = (
				04245BD121FAF48C0018E827 /* Sources */,
				04245BD221FAF48C0018E827 /* Frameworks */,
				04245BD321FAF48C0018E827 /* Resources */,
			);
			buildRules = (
			);
			dependencies = (
			);
			name = shareExtension;
			productName = shareExtension;
			productReference = 04245BD521FAF48C0018E827 /* shareExtension.appex */;
			productType = "com.apple.product-type.app-extension";
		};
		04D7068021F9A3700024EDD0 /* KNTodayExtensionDemo */ = {
			isa = PBXNativeTarget;
			buildConfigurationList = 04D706AD21F9A3720024EDD0 /* Build configuration list for PBXNativeTarget "KNTodayExtensionDemo" */;
			buildPhases = (
				116AB730EC10AF3FA89B3592 /* [CP] Check Pods Manifest.lock */,
				04D7067D21F9A3700024EDD0 /* Sources */,
				04D7067E21F9A3700024EDD0 /* Frameworks */,
				04D7067F21F9A3700024EDD0 /* Resources */,
				04D706CC21F9A37F0024EDD0 /* Embed App Extensions */,
			);
			buildRules = (
			);
			dependencies = (
				04D706C721F9A37F0024EDD0 /* PBXTargetDependency */,
				04245BDF21FAF48C0018E827 /* PBXTargetDependency */,
			);
			name = KNTodayExtensionDemo;
			productName = KNTodayExtensionDemo;
			productReference = 04D7068121F9A3700024EDD0 /* KNTodayExtensionDemo.app */;
			productType = "com.apple.product-type.application";
		};
		04D7069821F9A3720024EDD0 /* KNTodayExtensionDemoTests */ = {
			isa = PBXNativeTarget;
			buildConfigurationList = 04D706B021F9A3720024EDD0 /* Build configuration list for PBXNativeTarget "KNTodayExtensionDemoTests" */;
			buildPhases = (
				7C1D9BE71A5EE77F4E42D6E4 /* [CP] Check Pods Manifest.lock */,
				04D7069521F9A3720024EDD0 /* Sources */,
				04D7069621F9A3720024EDD0 /* Frameworks */,
				04D7069721F9A3720024EDD0 /* Resources */,
			);
			buildRules = (
			);
			dependencies = (
				04D7069B21F9A3720024EDD0 /* PBXTargetDependency */,
			);
			name = KNTodayExtensionDemoTests;
			productName = KNTodayExtensionDemoTests;
			productReference = 04D7069921F9A3720024EDD0 /* KNTodayExtensionDemoTests.xctest */;
			productType = "com.apple.product-type.bundle.unit-test";
		};
		04D706A321F9A3720024EDD0 /* KNTodayExtensionDemoUITests */ = {
			isa = PBXNativeTarget;
			buildConfigurationList = 04D706B321F9A3720024EDD0 /* Build configuration list for PBXNativeTarget "KNTodayExtensionDemoUITests" */;
			buildPhases = (
				3BAD86549B7B2AD2E29020D0 /* [CP] Check Pods Manifest.lock */,
				04D706A021F9A3720024EDD0 /* Sources */,
				04D706A121F9A3720024EDD0 /* Frameworks */,
				04D706A221F9A3720024EDD0 /* Resources */,
			);
			buildRules = (
			);
			dependencies = (
				04D706A621F9A3720024EDD0 /* PBXTargetDependency */,
			);
			name = KNTodayExtensionDemoUITests;
			productName = KNTodayExtensionDemoUITests;
			productReference = 04D706A421F9A3720024EDD0 /* KNTodayExtensionDemoUITests.xctest */;
			productType = "com.apple.product-type.bundle.ui-testing";
		};
		04D706B921F9A37F0024EDD0 /* TodayExtensionDemo */ = {
			isa = PBXNativeTarget;
			buildConfigurationList = 04D706C921F9A37F0024EDD0 /* Build configuration list for PBXNativeTarget "TodayExtensionDemo" */;
			buildPhases = (
				F88677AE4E961D0ABC636F97 /* [CP] Check Pods Manifest.lock */,
				04D706B621F9A37F0024EDD0 /* Sources */,
				04D706B721F9A37F0024EDD0 /* Frameworks */,
				04D706B821F9A37F0024EDD0 /* Resources */,
			);
			buildRules = (
			);
			dependencies = (
			);
			name = TodayExtensionDemo;
			productName = TodayExtensionDemo;
			productReference = 04D706BA21F9A37F0024EDD0 /* TodayExtensionDemo.appex */;
			productType = "com.apple.product-type.app-extension";
		};
/* End PBXNativeTarget section */

/* Begin PBXProject section */
		04D7067921F9A3700024EDD0 /* Project object */ = {
			isa = PBXProject;
			attributes = {
				LastUpgradeCheck = 1010;
				ORGANIZATIONNAME = kunnan;
				TargetAttributes = {
					04245BD421FAF48C0018E827 = {
						CreatedOnToolsVersion = 10.1;
					};
					04D7068021F9A3700024EDD0 = {
						CreatedOnToolsVersion = 10.1;
						SystemCapabilities = {
							com.apple.ApplicationGroups.iOS = {
								enabled = 1;
							};
						};
					};
					04D7069821F9A3720024EDD0 = {
						CreatedOnToolsVersion = 10.1;
						TestTargetID = 04D7068021F9A3700024EDD0;
					};
					04D706A321F9A3720024EDD0 = {
						CreatedOnToolsVersion = 10.1;
						TestTargetID = 04D7068021F9A3700024EDD0;
					};
					04D706B921F9A37F0024EDD0 = {
						CreatedOnToolsVersion = 10.1;
						SystemCapabilities = {
							com.apple.ApplicationGroups.iOS = {
								enabled = 1;
							};
						};
					};
				};
			};
			buildConfigurationList = 04D7067C21F9A3700024EDD0 /* Build configuration list for PBXProject "KNTodayExtensionDemo" */;
			compatibilityVersion = "Xcode 9.3";
			developmentRegion = en;
			hasScannedForEncodings = 0;
			knownRegions = (
				en,
				Base,
			);
			mainGroup = 04D7067821F9A3700024EDD0;
			productRefGroup = 04D7068221F9A3700024EDD0 /* Products */;
			projectDirPath = "";
			projectRoot = "";
			targets = (
				04D7068021F9A3700024EDD0 /* KNTodayExtensionDemo */,
				04D7069821F9A3720024EDD0 /* KNTodayExtensionDemoTests */,
				04D706A321F9A3720024EDD0 /* KNTodayExtensionDemoUITests */,
				04D706B921F9A37F0024EDD0 /* TodayExtensionDemo */,
				04245BD421FAF48C0018E827 /* shareExtension */,
			);
		};
/* End PBXProject section */

/* Begin PBXResourcesBuildPhase section */
		04245BD321FAF48C0018E827 /* Resources */ = {
			isa = PBXResourcesBuildPhase;
			buildActionMask = 2147483647;
			files = (
				04245BDC21FAF48C0018E827 /* MainInterface.storyboard in Resources */,
			);
			runOnlyForDeploymentPostprocessing = 0;
		};
		04D7067F21F9A3700024EDD0 /* Resources */ = {
			isa = PBXResourcesBuildPhase;
			buildActionMask = 2147483647;
			files = (
				04D7069121F9A3710024EDD0 /* LaunchScreen.storyboard in Resources */,
				04D7068E21F9A3710024EDD0 /* Assets.xcassets in Resources */,
				04D7068C21F9A3700024EDD0 /* Main.storyboard in Resources */,
			);
			runOnlyForDeploymentPostprocessing = 0;
		};
		04D7069721F9A3720024EDD0 /* Resources */ = {
			isa = PBXResourcesBuildPhase;
			buildActionMask = 2147483647;
			files = (
			);
			runOnlyForDeploymentPostprocessing = 0;
		};
		04D706A221F9A3720024EDD0 /* Resources */ = {
			isa = PBXResourcesBuildPhase;
			buildActionMask = 2147483647;
			files = (
			);
			runOnlyForDeploymentPostprocessing = 0;
		};
		04D706B821F9A37F0024EDD0 /* Resources */ = {
			isa = PBXResourcesBuildPhase;
			buildActionMask = 2147483647;
			files = (
				04245BCA21F9C0040018E827 /* TodayItemCell.xib in Resources */,
				04245BCE21F9C62A0018E827 /* Assets.xcassets in Resources */,
				04245BCD21F9C5130018E827 /* MainInterface.storyboard in Resources */,
			);
			runOnlyForDeploymentPostprocessing = 0;
		};
/* End PBXResourcesBuildPhase section */

/* Begin PBXShellScriptBuildPhase section */
		116AB730EC10AF3FA89B3592 /* [CP] Check Pods Manifest.lock */ = {
			isa = PBXShellScriptBuildPhase;
			buildActionMask = 2147483647;
			files = (
			);
			inputFileListPaths = (
			);
			inputPaths = (
				"${PODS_PODFILE_DIR_PATH}/Podfile.lock",
				"${PODS_ROOT}/Manifest.lock",
			);
			name = "[CP] Check Pods Manifest.lock";
			outputFileListPaths = (
			);
			outputPaths = (
				"$(DERIVED_FILE_DIR)/Pods-KNTodayExtensionDemo-checkManifestLockResult.txt",
			);
			runOnlyForDeploymentPostprocessing = 0;
			shellPath = /bin/sh;
			shellScript = "diff \"${PODS_PODFILE_DIR_PATH}/Podfile.lock\" \"${PODS_ROOT}/Manifest.lock\" > /dev/null\nif [ $? != 0 ] ; then\n    # print error to STDERR\n    echo \"error: The sandbox is not in sync with the Podfile.lock. Run 'pod install' or update your CocoaPods installation.\" >&2\n    exit 1\nfi\n# This output is used by Xcode 'outputs' to avoid re-running this script phase.\necho \"SUCCESS\" > \"${SCRIPT_OUTPUT_FILE_0}\"\n";
			showEnvVarsInLog = 0;
		};
		3BAD86549B7B2AD2E29020D0 /* [CP] Check Pods Manifest.lock */ = {
			isa = PBXShellScriptBuildPhase;
			buildActionMask = 2147483647;
			files = (
			);
			inputFileListPaths = (
			);
			inputPaths = (
				"${PODS_PODFILE_DIR_PATH}/Podfile.lock",
				"${PODS_ROOT}/Manifest.lock",
			);
			name = "[CP] Check Pods Manifest.lock";
			outputFileListPaths = (
			);
			outputPaths = (
				"$(DERIVED_FILE_DIR)/Pods-KNTodayExtensionDemoUITests-checkManifestLockResult.txt",
			);
			runOnlyForDeploymentPostprocessing = 0;
			shellPath = /bin/sh;
			shellScript = "diff \"${PODS_PODFILE_DIR_PATH}/Podfile.lock\" \"${PODS_ROOT}/Manifest.lock\" > /dev/null\nif [ $? != 0 ] ; then\n    # print error to STDERR\n    echo \"error: The sandbox is not in sync with the Podfile.lock. Run 'pod install' or update your CocoaPods installation.\" >&2\n    exit 1\nfi\n# This output is used by Xcode 'outputs' to avoid re-running this script phase.\necho \"SUCCESS\" > \"${SCRIPT_OUTPUT_FILE_0}\"\n";
			showEnvVarsInLog = 0;
		};
		7C1D9BE71A5EE77F4E42D6E4 /* [CP] Check Pods Manifest.lock */ = {
			isa = PBXShellScriptBuildPhase;
			buildActionMask = 2147483647;
			files = (
			);
			inputFileListPaths = (
			);
			inputPaths = (
				"${PODS_PODFILE_DIR_PATH}/Podfile.lock",
				"${PODS_ROOT}/Manifest.lock",
			);
			name = "[CP] Check Pods Manifest.lock";
			outputFileListPaths = (
			);
			outputPaths = (
				"$(DERIVED_FILE_DIR)/Pods-KNTodayExtensionDemoTests-checkManifestLockResult.txt",
			);
			runOnlyForDeploymentPostprocessing = 0;
			shellPath = /bin/sh;
			shellScript = "diff \"${PODS_PODFILE_DIR_PATH}/Podfile.lock\" \"${PODS_ROOT}/Manifest.lock\" > /dev/null\nif [ $? != 0 ] ; then\n    # print error to STDERR\n    echo \"error: The sandbox is not in sync with the Podfile.lock. Run 'pod install' or update your CocoaPods installation.\" >&2\n    exit 1\nfi\n# This output is used by Xcode 'outputs' to avoid re-running this script phase.\necho \"SUCCESS\" > \"${SCRIPT_OUTPUT_FILE_0}\"\n";
			showEnvVarsInLog = 0;
		};
		F88677AE4E961D0ABC636F97 /* [CP] Check Pods Manifest.lock */ = {
			isa = PBXShellScriptBuildPhase;
			buildActionMask = 2147483647;
			files = (
			);
			inputFileListPaths = (
			);
			inputPaths = (
				"${PODS_PODFILE_DIR_PATH}/Podfile.lock",
				"${PODS_ROOT}/Manifest.lock",
			);
			name = "[CP] Check Pods Manifest.lock";
			outputFileListPaths = (
			);
			outputPaths = (
				"$(DERIVED_FILE_DIR)/Pods-TodayExtensionDemo-checkManifestLockResult.txt",
			);
			runOnlyForDeploymentPostprocessing = 0;
			shellPath = /bin/sh;
			shellScript = "diff \"${PODS_PODFILE_DIR_PATH}/Podfile.lock\" \"${PODS_ROOT}/Manifest.lock\" > /dev/null\nif [ $? != 0 ] ; then\n    # print error to STDERR\n    echo \"error: The sandbox is not in sync with the Podfile.lock. Run 'pod install' or update your CocoaPods installation.\" >&2\n    exit 1\nfi\n# This output is used by Xcode 'outputs' to avoid re-running this script phase.\necho \"SUCCESS\" > \"${SCRIPT_OUTPUT_FILE_0}\"\n";
			showEnvVarsInLog = 0;
		};
/* End PBXShellScriptBuildPhase section */

/* Begin PBXSourcesBuildPhase section */
		04245BD121FAF48C0018E827 /* Sources */ = {
			isa = PBXSourcesBuildPhase;
			buildActionMask = 2147483647;
			files = (
				04245BD921FAF48C0018E827 /* ShareViewController.m in Sources */,
			);
			runOnlyForDeploymentPostprocessing = 0;
		};
		04D7067D21F9A3700024EDD0 /* Sources */ = {
			isa = PBXSourcesBuildPhase;
			buildActionMask = 2147483647;
			files = (
				04D7068921F9A3700024EDD0 /* ViewController.m in Sources */,
				04D7069421F9A3710024EDD0 /* main.m in Sources */,
				04D7068621F9A3700024EDD0 /* AppDelegate.m in Sources */,
				04D706D021F9B75F0024EDD0 /* KNTodayItemModel.m in Sources */,
			);
			runOnlyForDeploymentPostprocessing = 0;
		};
		04D7069521F9A3720024EDD0 /* Sources */ = {
			isa = PBXSourcesBuildPhase;
			buildActionMask = 2147483647;
			files = (
				04D7069E21F9A3720024EDD0 /* KNTodayExtensionDemoTests.m in Sources */,
			);
			runOnlyForDeploymentPostprocessing = 0;
		};
		04D706A021F9A3720024EDD0 /* Sources */ = {
			isa = PBXSourcesBuildPhase;
			buildActionMask = 2147483647;
			files = (
				04D706A921F9A3720024EDD0 /* KNTodayExtensionDemoUITests.m in Sources */,
			);
			runOnlyForDeploymentPostprocessing = 0;
		};
		04D706B621F9A37F0024EDD0 /* Sources */ = {
			isa = PBXSourcesBuildPhase;
			buildActionMask = 2147483647;
			files = (
				04245BCB21F9C0040018E827 /* TodayItemCell.m in Sources */,
				04D706C121F9A37F0024EDD0 /* TodayViewController.m in Sources */,
				04D706D121F9B75F0024EDD0 /* KNTodayItemModel.m in Sources */,
			);
			runOnlyForDeploymentPostprocessing = 0;
		};
/* End PBXSourcesBuildPhase section */

/* Begin PBXTargetDependency section */
		04245BDF21FAF48C0018E827 /* PBXTargetDependency */ = {
			isa = PBXTargetDependency;
			target = 04245BD421FAF48C0018E827 /* shareExtension */;
			targetProxy = 04245BDE21FAF48C0018E827 /* PBXContainerItemProxy */;
		};
		04D7069B21F9A3720024EDD0 /* PBXTargetDependency */ = {
			isa = PBXTargetDependency;
			target = 04D7068021F9A3700024EDD0 /* KNTodayExtensionDemo */;
			targetProxy = 04D7069A21F9A3720024EDD0 /* PBXContainerItemProxy */;
		};
		04D706A621F9A3720024EDD0 /* PBXTargetDependency */ = {
			isa = PBXTargetDependency;
			target = 04D7068021F9A3700024EDD0 /* KNTodayExtensionDemo */;
			targetProxy = 04D706A521F9A3720024EDD0 /* PBXContainerItemProxy */;
		};
		04D706C721F9A37F0024EDD0 /* PBXTargetDependency */ = {
			isa = PBXTargetDependency;
			target = 04D706B921F9A37F0024EDD0 /* TodayExtensionDemo */;
			targetProxy = 04D706C621F9A37F0024EDD0 /* PBXContainerItemProxy */;
		};
/* End PBXTargetDependency section */

/* Begin PBXVariantGroup section */
		04245BDA21FAF48C0018E827 /* MainInterface.storyboard */ = {
			isa = PBXVariantGroup;
			children = (
				04245BDB21FAF48C0018E827 /* Base */,
			);
			name = MainInterface.storyboard;
			sourceTree = "<group>";
		};
		04D7068A21F9A3700024EDD0 /* Main.storyboard */ = {
			isa = PBXVariantGroup;
			children = (
				04D7068B21F9A3700024EDD0 /* Base */,
			);
			name = Main.storyboard;
			sourceTree = "<group>";
		};
		04D7068F21F9A3710024EDD0 /* LaunchScreen.storyboard */ = {
			isa = PBXVariantGroup;
			children = (
				04D7069021F9A3710024EDD0 /* Base */,
			);
			name = LaunchScreen.storyboard;
			sourceTree = "<group>";
		};
/* End PBXVariantGroup section */

/* Begin XCBuildConfiguration section */
		04245BE121FAF48C0018E827 /* Debug */ = {
			isa = XCBuildConfiguration;
			buildSettings = {
				CODE_SIGN_STYLE = Automatic;
				DEVELOPMENT_TEAM = 249PMS4KB9;
				INFOPLIST_FILE = shareExtension/Info.plist;
				LD_RUNPATH_SEARCH_PATHS = (
					"$(inherited)",
					"@executable_path/Frameworks",
					"@executable_path/../../Frameworks",
				);
				PRODUCT_BUNDLE_IDENTIFIER = kunnan.KNTodayExtensionDemo1.shareExtension;
				PRODUCT_NAME = "$(TARGET_NAME)";
				SKIP_INSTALL = YES;
				TARGETED_DEVICE_FAMILY = "1,2";
			};
			name = Debug;
		};
		04245BE221FAF48C0018E827 /* Release */ = {
			isa = XCBuildConfiguration;
			buildSettings = {
				CODE_SIGN_STYLE = Automatic;
				DEVELOPMENT_TEAM = 249PMS4KB9;
				INFOPLIST_FILE = shareExtension/Info.plist;
				LD_RUNPATH_SEARCH_PATHS = (
					"$(inherited)",
					"@executable_path/Frameworks",
					"@executable_path/../../Frameworks",
				);
				PRODUCT_BUNDLE_IDENTIFIER = kunnan.KNTodayExtensionDemo1.shareExtension;
				PRODUCT_NAME = "$(TARGET_NAME)";
				SKIP_INSTALL = YES;
				TARGETED_DEVICE_FAMILY = "1,2";
			};
			name = Release;
		};
		04D706AB21F9A3720024EDD0 /* Debug */ = {
			isa = XCBuildConfiguration;
			buildSettings = {
				ALWAYS_SEARCH_USER_PATHS = NO;
				CLANG_ANALYZER_NONNULL = YES;
				CLANG_ANALYZER_NUMBER_OBJECT_CONVERSION = YES_AGGRESSIVE;
				CLANG_CXX_LANGUAGE_STANDARD = "gnu++14";
				CLANG_CXX_LIBRARY = "libc++";
				CLANG_ENABLE_MODULES = YES;
				CLANG_ENABLE_OBJC_ARC = YES;
				CLANG_ENABLE_OBJC_WEAK = YES;
				CLANG_WARN_BLOCK_CAPTURE_AUTORELEASING = YES;
				CLANG_WARN_BOOL_CONVERSION = YES;
				CLANG_WARN_COMMA = YES;
				CLANG_WARN_CONSTANT_CONVERSION = YES;
				CLANG_WARN_DEPRECATED_OBJC_IMPLEMENTATIONS = YES;
				CLANG_WARN_DIRECT_OBJC_ISA_USAGE = YES_ERROR;
				CLANG_WARN_DOCUMENTATION_COMMENTS = YES;
				CLANG_WARN_EMPTY_BODY = YES;
				CLANG_WARN_ENUM_CONVERSION = YES;
				CLANG_WARN_INFINITE_RECURSION = YES;
				CLANG_WARN_INT_CONVERSION = YES;
				CLANG_WARN_NON_LITERAL_NULL_CONVERSION = YES;
				CLANG_WARN_OBJC_IMPLICIT_RETAIN_SELF = YES;
				CLANG_WARN_OBJC_LITERAL_CONVERSION = YES;
				CLANG_WARN_OBJC_ROOT_CLASS = YES_ERROR;
				CLANG_WARN_RANGE_LOOP_ANALYSIS = YES;
				CLANG_WARN_STRICT_PROTOTYPES = YES;
				CLANG_WARN_SUSPICIOUS_MOVE = YES;
				CLANG_WARN_UNGUARDED_AVAILABILITY = YES_AGGRESSIVE;
				CLANG_WARN_UNREACHABLE_CODE = YES;
				CLANG_WARN__DUPLICATE_METHOD_MATCH = YES;
				CODE_SIGN_IDENTITY = "iPhone Developer";
				COPY_PHASE_STRIP = NO;
				DEBUG_INFORMATION_FORMAT = dwarf;
				ENABLE_STRICT_OBJC_MSGSEND = YES;
				ENABLE_TESTABILITY = YES;
				GCC_C_LANGUAGE_STANDARD = gnu11;
				GCC_DYNAMIC_NO_PIC = NO;
				GCC_NO_COMMON_BLOCKS = YES;
				GCC_OPTIMIZATION_LEVEL = 0;
				GCC_PREPROCESSOR_DEFINITIONS = (
					"DEBUG=1",
					"$(inherited)",
				);
				GCC_WARN_64_TO_32_BIT_CONVERSION = YES;
				GCC_WARN_ABOUT_RETURN_TYPE = YES_ERROR;
				GCC_WARN_UNDECLARED_SELECTOR = YES;
				GCC_WARN_UNINITIALIZED_AUTOS = YES_AGGRESSIVE;
				GCC_WARN_UNUSED_FUNCTION = YES;
				GCC_WARN_UNUSED_VARIABLE = YES;
				IPHONEOS_DEPLOYMENT_TARGET = 12.1;
				MTL_ENABLE_DEBUG_INFO = INCLUDE_SOURCE;
				MTL_FAST_MATH = YES;
				ONLY_ACTIVE_ARCH = YES;
				SDKROOT = iphoneos;
			};
			name = Debug;
		};
		04D706AC21F9A3720024EDD0 /* Release */ = {
			isa = XCBuildConfiguration;
			buildSettings = {
				ALWAYS_SEARCH_USER_PATHS = NO;
				CLANG_ANALYZER_NONNULL = YES;
				CLANG_ANALYZER_NUMBER_OBJECT_CONVERSION = YES_AGGRESSIVE;
				CLANG_CXX_LANGUAGE_STANDARD = "gnu++14";
				CLANG_CXX_LIBRARY = "libc++";
				CLANG_ENABLE_MODULES = YES;
				CLANG_ENABLE_OBJC_ARC = YES;
				CLANG_ENABLE_OBJC_WEAK = YES;
				CLANG_WARN_BLOCK_CAPTURE_AUTORELEASING = YES;
				CLANG_WARN_BOOL_CONVERSION = YES;
				CLANG_WARN_COMMA = YES;
				CLANG_WARN_CONSTANT_CONVERSION = YES;
				CLANG_WARN_DEPRECATED_OBJC_IMPLEMENTATIONS = YES;
				CLANG_WARN_DIRECT_OBJC_ISA_USAGE = YES_ERROR;
				CLANG_WARN_DOCUMENTATION_COMMENTS = YES;
				CLANG_WARN_EMPTY_BODY = YES;
				CLANG_WARN_ENUM_CONVERSION = YES;
				CLANG_WARN_INFINITE_RECURSION = YES;
				CLANG_WARN_INT_CONVERSION = YES;
				CLANG_WARN_NON_LITERAL_NULL_CONVERSION = YES;
				CLANG_WARN_OBJC_IMPLICIT_RETAIN_SELF = YES;
				CLANG_WARN_OBJC_LITERAL_CONVERSION = YES;
				CLANG_WARN_OBJC_ROOT_CLASS = YES_ERROR;
				CLANG_WARN_RANGE_LOOP_ANALYSIS = YES;
				CLANG_WARN_STRICT_PROTOTYPES = YES;
				CLANG_WARN_SUSPICIOUS_MOVE = YES;
				CLANG_WARN_UNGUARDED_AVAILABILITY = YES_AGGRESSIVE;
				CLANG_WARN_UNREACHABLE_CODE = YES;
				CLANG_WARN__DUPLICATE_METHOD_MATCH = YES;
				CODE_SIGN_IDENTITY = "iPhone Developer";
				COPY_PHASE_STRIP = NO;
				DEBUG_INFORMATION_FORMAT = "dwarf-with-dsym";
				ENABLE_NS_ASSERTIONS = NO;
				ENABLE_STRICT_OBJC_MSGSEND = YES;
				GCC_C_LANGUAGE_STANDARD = gnu11;
				GCC_NO_COMMON_BLOCKS = YES;
				GCC_WARN_64_TO_32_BIT_CONVERSION = YES;
				GCC_WARN_ABOUT_RETURN_TYPE = YES_ERROR;
				GCC_WARN_UNDECLARED_SELECTOR = YES;
				GCC_WARN_UNINITIALIZED_AUTOS = YES_AGGRESSIVE;
				GCC_WARN_UNUSED_FUNCTION = YES;
				GCC_WARN_UNUSED_VARIABLE = YES;
				IPHONEOS_DEPLOYMENT_TARGET = 12.1;
				MTL_ENABLE_DEBUG_INFO = NO;
				MTL_FAST_MATH = YES;
				SDKROOT = iphoneos;
				VALIDATE_PRODUCT = YES;
			};
			name = Release;
		};
		04D706AE21F9A3720024EDD0 /* Debug */ = {
			isa = XCBuildConfiguration;
			baseConfigurationReference = D91D670E83144BD593B464D0 /* Pods-KNTodayExtensionDemo.debug.xcconfig */;
			buildSettings = {
				ASSETCATALOG_COMPILER_APPICON_NAME = AppIcon;
				CODE_SIGN_ENTITLEMENTS = KNTodayExtensionDemo/KNTodayExtensionDemo.entitlements;
				CODE_SIGN_STYLE = Automatic;
				DEVELOPMENT_TEAM = 249PMS4KB9;
				INFOPLIST_FILE = KNTodayExtensionDemo/Info.plist;
				LD_RUNPATH_SEARCH_PATHS = (
					"$(inherited)",
					"@executable_path/Frameworks",
				);
				PRODUCT_BUNDLE_IDENTIFIER = kunnan.KNTodayExtensionDemo1;
				PRODUCT_NAME = "$(TARGET_NAME)";
				TARGETED_DEVICE_FAMILY = "1,2";
			};
			name = Debug;
		};
		04D706AF21F9A3720024EDD0 /* Release */ = {
			isa = XCBuildConfiguration;
			baseConfigurationReference = BD225834784FDC9692E41596 /* Pods-KNTodayExtensionDemo.release.xcconfig */;
			buildSettings = {
				ASSETCATALOG_COMPILER_APPICON_NAME = AppIcon;
				CODE_SIGN_ENTITLEMENTS = KNTodayExtensionDemo/KNTodayExtensionDemo.entitlements;
				CODE_SIGN_STYLE = Automatic;
				DEVELOPMENT_TEAM = 249PMS4KB9;
				INFOPLIST_FILE = KNTodayExtensionDemo/Info.plist;
				LD_RUNPATH_SEARCH_PATHS = (
					"$(inherited)",
					"@executable_path/Frameworks",
				);
				PRODUCT_BUNDLE_IDENTIFIER = kunnan.KNTodayExtensionDemo1;
				PRODUCT_NAME = "$(TARGET_NAME)";
				TARGETED_DEVICE_FAMILY = "1,2";
			};
			name = Release;
		};
		04D706B121F9A3720024EDD0 /* Debug */ = {
			isa = XCBuildConfiguration;
			baseConfigurationReference = 9D42509B47BA60F4F21CC6F0 /* Pods-KNTodayExtensionDemoTests.debug.xcconfig */;
			buildSettings = {
				BUNDLE_LOADER = "$(TEST_HOST)";
				CODE_SIGN_STYLE = Automatic;
				DEVELOPMENT_TEAM = A7BAT6XFJ4;
				INFOPLIST_FILE = KNTodayExtensionDemoTests/Info.plist;
				LD_RUNPATH_SEARCH_PATHS = (
					"$(inherited)",
					"@executable_path/Frameworks",
					"@loader_path/Frameworks",
				);
				PRODUCT_BUNDLE_IDENTIFIER = kunnan.KNTodayExtensionDemoTests;
				PRODUCT_NAME = "$(TARGET_NAME)";
				TARGETED_DEVICE_FAMILY = "1,2";
				TEST_HOST = "$(BUILT_PRODUCTS_DIR)/KNTodayExtensionDemo.app/KNTodayExtensionDemo";
			};
			name = Debug;
		};
		04D706B221F9A3720024EDD0 /* Release */ = {
			isa = XCBuildConfiguration;
			baseConfigurationReference = BCDD1207349006A30C942641 /* Pods-KNTodayExtensionDemoTests.release.xcconfig */;
			buildSettings = {
				BUNDLE_LOADER = "$(TEST_HOST)";
				CODE_SIGN_STYLE = Automatic;
				DEVELOPMENT_TEAM = A7BAT6XFJ4;
				INFOPLIST_FILE = KNTodayExtensionDemoTests/Info.plist;
				LD_RUNPATH_SEARCH_PATHS = (
					"$(inherited)",
					"@executable_path/Frameworks",
					"@loader_path/Frameworks",
				);
				PRODUCT_BUNDLE_IDENTIFIER = kunnan.KNTodayExtensionDemoTests;
				PRODUCT_NAME = "$(TARGET_NAME)";
				TARGETED_DEVICE_FAMILY = "1,2";
				TEST_HOST = "$(BUILT_PRODUCTS_DIR)/KNTodayExtensionDemo.app/KNTodayExtensionDemo";
			};
			name = Release;
		};
		04D706B421F9A3720024EDD0 /* Debug */ = {
			isa = XCBuildConfiguration;
			baseConfigurationReference = 6EC5CE1C2D60F99C7B427F9C /* Pods-KNTodayExtensionDemoUITests.debug.xcconfig */;
			buildSettings = {
				CODE_SIGN_STYLE = Automatic;
				DEVELOPMENT_TEAM = A7BAT6XFJ4;
				INFOPLIST_FILE = KNTodayExtensionDemoUITests/Info.plist;
				LD_RUNPATH_SEARCH_PATHS = (
					"$(inherited)",
					"@executable_path/Frameworks",
					"@loader_path/Frameworks",
				);
				PRODUCT_BUNDLE_IDENTIFIER = kunnan.KNTodayExtensionDemoUITests;
				PRODUCT_NAME = "$(TARGET_NAME)";
				TARGETED_DEVICE_FAMILY = "1,2";
				TEST_TARGET_NAME = KNTodayExtensionDemo;
			};
			name = Debug;
		};
		04D706B521F9A3720024EDD0 /* Release */ = {
			isa = XCBuildConfiguration;
			baseConfigurationReference = 22873A7DE592E46C7A468AC3 /* Pods-KNTodayExtensionDemoUITests.release.xcconfig */;
			buildSettings = {
				CODE_SIGN_STYLE = Automatic;
				DEVELOPMENT_TEAM = A7BAT6XFJ4;
				INFOPLIST_FILE = KNTodayExtensionDemoUITests/Info.plist;
				LD_RUNPATH_SEARCH_PATHS = (
					"$(inherited)",
					"@executable_path/Frameworks",
					"@loader_path/Frameworks",
				);
				PRODUCT_BUNDLE_IDENTIFIER = kunnan.KNTodayExtensionDemoUITests;
				PRODUCT_NAME = "$(TARGET_NAME)";
				TARGETED_DEVICE_FAMILY = "1,2";
				TEST_TARGET_NAME = KNTodayExtensionDemo;
			};
			name = Release;
		};
		04D706CA21F9A37F0024EDD0 /* Debug */ = {
			isa = XCBuildConfiguration;
			baseConfigurationReference = 1AEF27A21C018F4C6B813A21 /* Pods-TodayExtensionDemo.debug.xcconfig */;
			buildSettings = {
				CODE_SIGN_ENTITLEMENTS = TodayExtensionDemo/TodayExtensionDemo.entitlements;
				CODE_SIGN_STYLE = Automatic;
				DEVELOPMENT_TEAM = 249PMS4KB9;
				INFOPLIST_FILE = TodayExtensionDemo/Info.plist;
				LD_RUNPATH_SEARCH_PATHS = (
					"$(inherited)",
					"@executable_path/Frameworks",
					"@executable_path/../../Frameworks",
				);
				PRODUCT_BUNDLE_IDENTIFIER = kunnan.KNTodayExtensionDemo1.TodayExtensionDemo;
				PRODUCT_NAME = "$(TARGET_NAME)";
				SKIP_INSTALL = YES;
				TARGETED_DEVICE_FAMILY = "1,2";
			};
			name = Debug;
		};
		04D706CB21F9A37F0024EDD0 /* Release */ = {
			isa = XCBuildConfiguration;
			baseConfigurationReference = FA2FD102DB4913A854DB0613 /* Pods-TodayExtensionDemo.release.xcconfig */;
			buildSettings = {
				CODE_SIGN_ENTITLEMENTS = TodayExtensionDemo/TodayExtensionDemo.entitlements;
				CODE_SIGN_STYLE = Automatic;
				DEVELOPMENT_TEAM = 249PMS4KB9;
				INFOPLIST_FILE = TodayExtensionDemo/Info.plist;
				LD_RUNPATH_SEARCH_PATHS = (
					"$(inherited)",
					"@executable_path/Frameworks",
					"@executable_path/../../Frameworks",
				);
				PRODUCT_BUNDLE_IDENTIFIER = kunnan.KNTodayExtensionDemo1.TodayExtensionDemo;
				PRODUCT_NAME = "$(TARGET_NAME)";
				SKIP_INSTALL = YES;
				TARGETED_DEVICE_FAMILY = "1,2";
			};
			name = Release;
		};
/* End XCBuildConfiguration section */

/* Begin XCConfigurationList section */
		04245BE321FAF48C0018E827 /* Build configuration list for PBXNativeTarget "shareExtension" */ = {
			isa = XCConfigurationList;
			buildConfigurations = (
				04245BE121FAF48C0018E827 /* Debug */,
				04245BE221FAF48C0018E827 /* Release */,
			);
			defaultConfigurationIsVisible = 0;
			defaultConfigurationName = Release;
		};
		04D7067C21F9A3700024EDD0 /* Build configuration list for PBXProject "KNTodayExtensionDemo" */ = {
			isa = XCConfigurationList;
			buildConfigurations = (
				04D706AB21F9A3720024EDD0 /* Debug */,
				04D706AC21F9A3720024EDD0 /* Release */,
			);
			defaultConfigurationIsVisible = 0;
			defaultConfigurationName = Release;
		};
		04D706AD21F9A3720024EDD0 /* Build configuration list for PBXNativeTarget "KNTodayExtensionDemo" */ = {
			isa = XCConfigurationList;
			buildConfigurations = (
				04D706AE21F9A3720024EDD0 /* Debug */,
				04D706AF21F9A3720024EDD0 /* Release */,
			);
			defaultConfigurationIsVisible = 0;
			defaultConfigurationName = Release;
		};
		04D706B021F9A3720024EDD0 /* Build configuration list for PBXNativeTarget "KNTodayExtensionDemoTests" */ = {
			isa = XCConfigurationList;
			buildConfigurations = (
				04D706B121F9A3720024EDD0 /* Debug */,
				04D706B221F9A3720024EDD0 /* Release */,
			);
			defaultConfigurationIsVisible = 0;
			defaultConfigurationName = Release;
		};
		04D706B321F9A3720024EDD0 /* Build configuration list for PBXNativeTarget "KNTodayExtensionDemoUITests" */ = {
			isa = XCConfigurationList;
			buildConfigurations = (
				04D706B421F9A3720024EDD0 /* Debug */,
				04D706B521F9A3720024EDD0 /* Release */,
			);
			defaultConfigurationIsVisible = 0;
			defaultConfigurationName = Release;
		};
		04D706C921F9A37F0024EDD0 /* Build configuration list for PBXNativeTarget "TodayExtensionDemo" */ = {
			isa = XCConfigurationList;
			buildConfigurations = (
				04D706CA21F9A37F0024EDD0 /* Debug */,
				04D706CB21F9A37F0024EDD0 /* Release */,
			);
			defaultConfigurationIsVisible = 0;
			defaultConfigurationName = Release;
		};
/* End XCConfigurationList section */
	};
	rootObject = 04D7067921F9A3700024EDD0 /* Project object */;
}
